
Microsoft Visual Studio Solution File, Format Version 12.00
Project("{FAE04EC0-301F-11D3-BF4B-00C04F79EFBC}") = "Stad.Core", "Stad.Core\Stad.Core.csproj", "{6755DE2D-15B9-4A9A-AEDB-9083FF7825A6}"
EndProject
Project("{FAE04EC0-301F-11D3-BF4B-00C04F79EFBC}") = "Stad.Diff", "Stad.Diff\Stad.Diff.csproj", "{E0EA26A4-EF0E-4037-A084-7606E6C6848B}"
EndProject
Project("{FAE04EC0-301F-11D3-BF4B-00C04F79EFBC}") = "Stad.View.Console", "Stad.View.Console\Stad.View.Console.csproj", "{9BA960E6-3509-46E2-AFE9-4DF7B0E7D164}"
EndProject
Project("{FAE04EC0-301F-11D3-BF4B-00C04F79EFBC}") = "Stad.Analysis", "Stad.Analysis\Stad.Analysis.csproj", "{C00D678F-0B6C-4DBB-85DD-57714FA603A3}"
EndProject
Project("{FAE04EC0-301F-11D3-BF4B-00C04F79EFBC}") = "Stad.Sample", "Stad.Sample\Stad.Sample.csproj", "{31F8D02A-FACE-4F04-9521-E109AD59935D}"
EndProject
Project("{FAE04EC0-301F-11D3-BF4B-00C04F79EFBC}") = "Stad", "Stad\Stad.csproj", "{BCDDDDC0-C963-4FDC-8F4D-1D54B72FB5A7}"
EndProject
Project("{FAE04EC0-301F-11D3-BF4B-00C04F79EFBC}") = "Stad.Test", "Stad.Test\Stad.Test.csproj", "{2B6B99E5-7048-4831-8FF5-C3037CE90E36}"
EndProject
Project("{FAE04EC0-301F-11D3-BF4B-00C04F79EFBC}") = "Stad.View.Wpf", "Stad.View.Wpf\Stad.View.Wpf.csproj", "{F8A8861D-18C1-4FC2-BE38-B72F2A400133}"
EndProject
Global
	GlobalSection(SolutionConfigurationPlatforms) = preSolution
		Debug|Any CPU = Debug|Any CPU
		Release|Any CPU = Release|Any CPU
	EndGlobalSection
	GlobalSection(ProjectConfigurationPlatforms) = postSolution
		{6755DE2D-15B9-4A9A-AEDB-9083FF7825A6}.Debug|Any CPU.ActiveCfg = Debug|Any CPU
		{6755DE2D-15B9-4A9A-AEDB-9083FF7825A6}.Debug|Any CPU.Build.0 = Debug|Any CPU
		{6755DE2D-15B9-4A9A-AEDB-9083FF7825A6}.Release|Any CPU.ActiveCfg = Release|Any CPU
		{6755DE2D-15B9-4A9A-AEDB-9083FF7825A6}.Release|Any CPU.Build.0 = Release|Any CPU
		{E0EA26A4-EF0E-4037-A084-7606E6C6848B}.Debug|Any CPU.ActiveCfg = Debug|Any CPU
		{E0EA26A4-EF0E-4037-A084-7606E6C6848B}.Debug|Any CPU.Build.0 = Debug|Any CPU
		{E0EA26A4-EF0E-4037-A084-7606E6C6848B}.Release|Any CPU.ActiveCfg = Release|Any CPU
		{E0EA26A4-EF0E-4037-A084-7606E6C6848B}.Release|Any CPU.Build.0 = Release|Any CPU
		{9BA960E6-3509-46E2-AFE9-4DF7B0E7D164}.Debug|Any CPU.ActiveCfg = Debug|Any CPU
		{9BA960E6-3509-46E2-AFE9-4DF7B0E7D164}.Debug|Any CPU.Build.0 = Debug|Any CPU
		{9BA960E6-3509-46E2-AFE9-4DF7B0E7D164}.Release|Any CPU.ActiveCfg = Release|Any CPU
		{9BA960E6-3509-46E2-AFE9-4DF7B0E7D164}.Release|Any CPU.Build.0 = Release|Any CPU
		{C00D678F-0B6C-4DBB-85DD-57714FA603A3}.Debug|Any CPU.ActiveCfg = Debug|Any CPU
		{C00D678F-0B6C-4DBB-85DD-57714FA603A3}.Debug|Any CPU.Build.0 = Debug|Any CPU
		{C00D678F-0B6C-4DBB-85DD-57714FA603A3}.Release|Any CPU.ActiveCfg = Release|Any CPU
		{C00D678F-0B6C-4DBB-85DD-57714FA603A3}.Release|Any CPU.Build.0 = Release|Any CPU
		{31F8D02A-FACE-4F04-9521-E109AD59935D}.Debug|Any CPU.ActiveCfg = Debug|Any CPU
		{31F8D02A-FACE-4F04-9521-E109AD59935D}.Debug|Any CPU.Build.0 = Debug|Any CPU
		{31F8D02A-FACE-4F04-9521-E109AD59935D}.Release|Any CPU.ActiveCfg = Release|Any CPU
		{31F8D02A-FACE-4F04-9521-E109AD59935D}.Release|Any CPU.Build.0 = Release|Any CPU
		{BCDDDDC0-C963-4FDC-8F4D-1D54B72FB5A7}.Debug|Any CPU.ActiveCfg = Debug|Any CPU
		{BCDDDDC0-C963-4FDC-8F4D-1D54B72FB5A7}.Debug|Any CPU.Build.0 = Debug|Any CPU
		{BCDDDDC0-C963-4FDC-8F4D-1D54B72FB5A7}.Release|Any CPU.ActiveCfg = Release|Any CPU
		{BCDDDDC0-C963-4FDC-8F4D-1D54B72FB5A7}.Release|Any CPU.Build.0 = Release|Any CPU
		{2B6B99E5-7048-4831-8FF5-C3037CE90E36}.Debug|Any CPU.ActiveCfg = Debug|Any CPU
		{2B6B99E5-7048-4831-8FF5-C3037CE90E36}.Debug|Any CPU.Build.0 = Debug|Any CPU
		{2B6B99E5-7048-4831-8FF5-C3037CE90E36}.Release|Any CPU.ActiveCfg = Release|Any CPU
		{2B6B99E5-7048-4831-8FF5-C3037CE90E36}.Release|Any CPU.Build.0 = Release|Any CPU
		{F8A8861D-18C1-4FC2-BE38-B72F2A400133}.Debug|Any CPU.ActiveCfg = Debug|Any CPU
		{F8A8861D-18C1-4FC2-BE38-B72F2A400133}.Debug|Any CPU.Build.0 = Debug|Any CPU
		{F8A8861D-18C1-4FC2-BE38-B72F2A400133}.Release|Any CPU.ActiveCfg = Release|Any CPU
		{F8A8861D-18C1-4FC2-BE38-B72F2A400133}.Release|Any CPU.Build.0 = Release|Any CPU
	EndGlobalSection
EndGlobal
